{
  "name": "Hospitality-WebOS-App",
  "lockfileVersion": 3,
  "requires": true,
  "packages": {
    "": {
      "dependencies": {
        "senza-sdk": "^3.20.6"
      }
    },
    "node_modules/senza-sdk": {
      "version": "3.20.6",
      "resolved": "https://registry.npmjs.org/senza-sdk/-/senza-sdk-3.20.6.tgz",
      "integrity": "sha512-XtByA1njfA7r1a6ABR1ahs/TVeoVCZuy6PDchr5FTx0+Cou7/AqpPryHN25fHh67NJwP6rIoscwcAU4KspRpZw==",
      "license": "MIT"
    }
  }
}
